
Microsoft Visual Studio Solution File, Format Version 12.00
# Visual Studio 15
VisualStudioVersion = 15.0.27703.2035
MinimumVisualStudioVersion = 10.0.40219.1
Project("{FAE04EC0-301F-11D3-BF4B-00C04F79EFBC}") = "URLReader_1", "URLReader_1\URLReader_1.csproj", "{CA7C5D74-1C72-4F5E-9609-9FEBA2C12C50}"
EndProject
Global
	GlobalSection(SolutionConfigurationPlatforms) = preSolution
		Debug|Any CPU = Debug|Any CPU
		Release|Any CPU = Release|Any CPU
	EndGlobalSection
	GlobalSection(ProjectConfigurationPlatforms) = postSolution
		{CA7C5D74-1C72-4F5E-9609-9FEBA2C12C50}.Debug|Any CPU.ActiveCfg = Debug|Any CPU
		{CA7C5D74-1C72-4F5E-9609-9FEBA2C12C50}.Debug|Any CPU.Build.0 = Debug|Any CPU
		{CA7C5D74-1C72-4F5E-9609-9FEBA2C12C50}.Release|Any CPU.ActiveCfg = Release|Any CPU
		{CA7C5D74-1C72-4F5E-9609-9FEBA2C12C50}.Release|Any CPU.Build.0 = Release|Any CPU
	EndGlobalSection
	GlobalSection(SolutionProperties) = preSolution
		HideSolutionNode = FALSE
	EndGlobalSection
	GlobalSection(ExtensibilityGlobals) = postSolution
		SolutionGuid = {DA0F9176-74DC-40CB-A3A5-5932EC1ECB41}
	EndGlobalSection
EndGlobal
